github.com/dgryski/go-metro v0.0.0-20200812162917-85c65e2d0165/go.mod h1:c9O8+fpSOX1DM8cPNSkX/qsBWdkD4yd2dpciOWQjpBw=
github.com/dgryski/go-metro v0.0.0-20211217172704-adc40b04c140 h1:y7y0Oa6UawqTFPCDw9JG6pdKt4F9pAhHv0B7FMGaGD0=
github.com/dgryski/go-metro v0.0.0-20211217172704-adc40b04c140/go.mod h1:c9O8+fpSOX1DM8cPNSkX/qsBWdkD4yd2dpciOWQjpBw=
github.com/google/go-cmp v0.5.9 h1:O2Tfq5qg4qc4AmwVlvv0oLiVAGB7enBSJ2x2DqQFi38=
github.com/google/go-cmp v0.5.9/go.mod h1:17dUlkBOakJ0+DkrSSNjCkIjxS6bF9zb3elmeNGIjoY=
github.com/intob/godave v0.0.25 h1:XZfoIjWpuUbDvjqfktZj6zKJN/fH0fx2ii0QBYZCvzo=
github.com/intob/godave v0.0.25/go.mod h1:SnPVveqFZ40gcschKHZ9k32uJTqV8RYLrCqu8n5f9lQ=
github.com/intob/godave v0.0.26 h1:7QLpMJEMXyDPb4st6oa87IPMdod97Xi5fT6qGWHFkeE=
github.com/intob/godave v0.0.26/go.mod h1:SnPVveqFZ40gcschKHZ9k32uJTqV8RYLrCqu8n5f9lQ=
github.com/intob/godave v0.0.27 h1:1FuzL9zGASp5w4vGV2mnH9PIVbugXdunTDjgrdDarPo=
github.com/intob/godave v0.0.27/go.mod h1:SnPVveqFZ40gcschKHZ9k32uJTqV8RYLrCqu8n5f9lQ=
github.com/intob/jfmt v0.2.2 h1:+PuFEIY1wYtpIlx6sFxhsqNI6xOXJkPpuobYTWbLrqw=
github.com/intob/jfmt v0.2.2/go.mod h1:EkQYTlUkTHI0IhTT/1W2QKRVOlt6Ej7YrgxulzAywU8=
github.com/panmari/cuckoofilter v1.0.6 h1:WKb1aSj16h22x0CKVtTCaRkJiCnVGPLEMGbNY8xwXf8=
github.com/panmari/cuckoofilter v1.0.6/go.mod h1:bKADbQPGbN6TxUvo/IbMEIUbKuASnpsOvrLTgpSX0aU=
golang.org/x/crypto v0.22.0 h1:g1v0xeRhjcugydODzvb3mEM9SQ0HGp9s/nh3COQ/C30=
golang.org/x/crypto v0.22.0/go.mod h1:vr6Su+7cTlO45qkww3VDJlzDn0ctJvRgYbC2NvXHt+M=
golang.org/x/sys v0.20.0 h1:Od9JTbYCk261bKm4M/mw7AklTlFYIa0bIp9BgSm1S8Y=
golang.org/x/sys v0.20.0/go.mod h1:/VUhepiaJMQUp4+oa/7Zr1D23ma6VTLIYjOOTFZPUcA=
google.golang.org/protobuf v1.34.0 h1:Qo/qEd2RZPCf2nKuorzksSknv0d3ERwp1vFG38gSmH4=
google.golang.org/protobuf v1.34.0/go.mod h1:c6P6GXX6sHbq/GpV6MGZEdwhWPcYBgnhAHhKbcUYpos=
